
Microsoft Visual Studio Solution File, Format Version 12.00
# Visual Studio Version 17
VisualStudioVersion = 17.8.34330.188
MinimumVisualStudioVersion = 10.0.40219.1
Project("{9A19103F-16F7-4668-BE54-9A1E7A4F7556}") = "CeylonWellness.Web", "CeylonWellness.Web\CeylonWellness.Web.csproj", "{253B538F-D346-4310-BA23-F0272B454A3F}"
EndProject
Project("{FAE04EC0-301F-11D3-BF4B-00C04F79EFBC}") = "CeylonWellness.Data", "CeylonWellness.Data\CeylonWellness.Data.csproj", "{1C5A446A-15A6-44DA-8771-7E33EE374C03}"
EndProject
Global
	GlobalSection(SolutionConfigurationPlatforms) = preSolution
		Debug|Any CPU = Debug|Any CPU
		Release|Any CPU = Release|Any CPU
	EndGlobalSection
	GlobalSection(ProjectConfigurationPlatforms) = postSolution
		{253B538F-D346-4310-BA23-F0272B454A3F}.Debug|Any CPU.ActiveCfg = Debug|Any CPU
		{253B538F-D346-4310-BA23-F0272B454A3F}.Debug|Any CPU.Build.0 = Debug|Any CPU
		{253B538F-D346-4310-BA23-F0272B454A3F}.Release|Any CPU.ActiveCfg = Release|Any CPU
		{253B538F-D346-4310-BA23-F0272B454A3F}.Release|Any CPU.Build.0 = Release|Any CPU
		{1C5A446A-15A6-44DA-8771-7E33EE374C03}.Debug|Any CPU.ActiveCfg = Debug|Any CPU
		{1C5A446A-15A6-44DA-8771-7E33EE374C03}.Debug|Any CPU.Build.0 = Debug|Any CPU
		{1C5A446A-15A6-44DA-8771-7E33EE374C03}.Release|Any CPU.ActiveCfg = Release|Any CPU
		{1C5A446A-15A6-44DA-8771-7E33EE374C03}.Release|Any CPU.Build.0 = Release|Any CPU
	EndGlobalSection
	GlobalSection(SolutionProperties) = preSolution
		HideSolutionNode = FALSE
	EndGlobalSection
	GlobalSection(ExtensibilityGlobals) = postSolution
		SolutionGuid = {D51FFA6B-F710-4CB2-AE73-4125C0C1CB8A}
	EndGlobalSection
EndGlobal
